
Microsoft Visual Studio Solution File, Format Version 12.00
# Visual Studio Version 16
VisualStudioVersion = 16.0.31702.278
MinimumVisualStudioVersion = 10.0.40219.1
Project("{8BC9CEB8-8B4A-11D0-8D11-00A0C91BC942}") = "ClassFstream", "ClassFstream.vcxproj", "{5DDFF682-C298-45FC-8EB1-83092694F985}"
EndProject
Global
	GlobalSection(SolutionConfigurationPlatforms) = preSolution
		Debug|x64 = Debug|x64
		Debug|x86 = Debug|x86
		Release|x64 = Release|x64
		Release|x86 = Release|x86
	EndGlobalSection
	GlobalSection(ProjectConfigurationPlatforms) = postSolution
		{5DDFF682-C298-45FC-8EB1-83092694F985}.Debug|x64.ActiveCfg = Debug|x64
		{5DDFF682-C298-45FC-8EB1-83092694F985}.Debug|x64.Build.0 = Debug|x64
		{5DDFF682-C298-45FC-8EB1-83092694F985}.Debug|x86.ActiveCfg = Debug|Win32
		{5DDFF682-C298-45FC-8EB1-83092694F985}.Debug|x86.Build.0 = Debug|Win32
		{5DDFF682-C298-45FC-8EB1-83092694F985}.Release|x64.ActiveCfg = Release|x64
		{5DDFF682-C298-45FC-8EB1-83092694F985}.Release|x64.Build.0 = Release|x64
		{5DDFF682-C298-45FC-8EB1-83092694F985}.Release|x86.ActiveCfg = Release|Win32
		{5DDFF682-C298-45FC-8EB1-83092694F985}.Release|x86.Build.0 = Release|Win32
	EndGlobalSection
	GlobalSection(SolutionProperties) = preSolution
		HideSolutionNode = FALSE
	EndGlobalSection
	GlobalSection(ExtensibilityGlobals) = postSolution
		SolutionGuid = {6187C8D4-5558-41B7-8F4D-94A2ECF54510}
	EndGlobalSection
EndGlobal
